Microsoft Visual Studio Solution File, Format Version 12.00
# Visual Studio Version 17
VisualStudioVersion = 17.5.2.0
MinimumVisualStudioVersion = 10.0.40219.1
Project("{FAE04EC0-301F-11D3-BF4B-00C04F79EFBC}") = "Juego de Cartas", "Juego de Cartas.csproj", "{B70828FD-82B1-F147-5C30-EA55DC26E93C}"
EndProject
Global
	GlobalSection(SolutionConfigurationPlatforms) = preSolution
		Debug|Any CPU = Debug|Any CPU
		Release|Any CPU = Release|Any CPU
	EndGlobalSection
	GlobalSection(ProjectConfigurationPlatforms) = postSolution
		{B70828FD-82B1-F147-5C30-EA55DC26E93C}.Debug|Any CPU.ActiveCfg = Debug|Any CPU
		{B70828FD-82B1-F147-5C30-EA55DC26E93C}.Debug|Any CPU.Build.0 = Debug|Any CPU
		{B70828FD-82B1-F147-5C30-EA55DC26E93C}.Release|Any CPU.ActiveCfg = Release|Any CPU
		{B70828FD-82B1-F147-5C30-EA55DC26E93C}.Release|Any CPU.Build.0 = Release|Any CPU
	EndGlobalSection
	GlobalSection(SolutionProperties) = preSolution
		HideSolutionNode = FALSE
	EndGlobalSection
	GlobalSection(ExtensibilityGlobals) = postSolution
		SolutionGuid = {CBC79F2D-288C-4309-9845-71EA2D772892}
	EndGlobalSection
EndGlobal
